// !$*UTF8*$!
{
	archiveVersion = 1;
	classes = {
	};
	objectVersion = 55;
	objects = {

/* Begin PBXBuildFile section */
		1E2CB2FE27B92682007F4FE9 /* HomeHobbyView.swift in Sources */ = {isa = PBXBuildFile; fileRef = 1E2CB2FD27B92682007F4FE9 /* HomeHobbyView.swift */; };
		1E2CB30027B93020007F4FE9 /* HomeHobbyViewController.swift in Sources */ = {isa = PBXBuildFile; fileRef = 1E2CB2FF27B93020007F4FE9 /* HomeHobbyViewController.swift */; };
		1E2CB30227B941F1007F4FE9 /* HomeHobbyCollectionCell.swift in Sources */ = {isa = PBXBuildFile; fileRef = 1E2CB30127B941F1007F4FE9 /* HomeHobbyCollectionCell.swift */; };
		1E40C80F2795859A009CB80E /* AppDelegate.swift in Sources */ = {isa = PBXBuildFile; fileRef = 1E40C80E2795859A009CB80E /* AppDelegate.swift */; };
		1E40C8112795859A009CB80E /* SceneDelegate.swift in Sources */ = {isa = PBXBuildFile; fileRef = 1E40C8102795859A009CB80E /* SceneDelegate.swift */; };
		1E40C8182795859B009CB80E /* Assets.xcassets in Resources */ = {isa = PBXBuildFile; fileRef = 1E40C8172795859B009CB80E /* Assets.xcassets */; };
		1E40C81B2795859B009CB80E /* LaunchScreen.storyboard in Resources */ = {isa = PBXBuildFile; fileRef = 1E40C8192795859B009CB80E /* LaunchScreen.storyboard */; };
		1E40C84A27969F4A009CB80E /* GoogleService-Info.plist in Resources */ = {isa = PBXBuildFile; fileRef = 1E40C84927969F4A009CB80E /* GoogleService-Info.plist */; };
		1E40C84C2796AD63009CB80E /* UIColor+Extension.swift in Sources */ = {isa = PBXBuildFile; fileRef = 1E40C84B2796AD63009CB80E /* UIColor+Extension.swift */; };
		1E40C84E2796B262009CB80E /* PhoneCertificationViewController.swift in Sources */ = {isa = PBXBuildFile; fileRef = 1E40C84D2796B262009CB80E /* PhoneCertificationViewController.swift */; };
		1E40C850279702C5009CB80E /* PhoneCertificationView.swift in Sources */ = {isa = PBXBuildFile; fileRef = 1E40C84F279702C5009CB80E /* PhoneCertificationView.swift */; };
		1E40C8522797F03D009CB80E /* CustomButton.swift in Sources */ = {isa = PBXBuildFile; fileRef = 1E40C8512797F03D009CB80E /* CustomButton.swift */; };
		1E40C8542797F690009CB80E /* UIFont+Extension.swift in Sources */ = {isa = PBXBuildFile; fileRef = 1E40C8532797F690009CB80E /* UIFont+Extension.swift */; };
		1E40C85827982B62009CB80E /* NotoSansCJKkr-Medium.otf in Resources */ = {isa = PBXBuildFile; fileRef = 1E40C8572798052A009CB80E /* NotoSansCJKkr-Medium.otf */; };
		1E40C85927982B64009CB80E /* NotoSansCJKkr-Regular.otf in Resources */ = {isa = PBXBuildFile; fileRef = 1E40C8562798052A009CB80E /* NotoSansCJKkr-Regular.otf */; };
		1E40C85A27982C00009CB80E /* TestViewController.swift in Sources */ = {isa = PBXBuildFile; fileRef = 1E40C8122795859A009CB80E /* TestViewController.swift */; };
		1E40C85E27996B11009CB80E /* OnBoardingView.swift in Sources */ = {isa = PBXBuildFile; fileRef = 1E40C85D27996B11009CB80E /* OnBoardingView.swift */; };
		1E40C86027998929009CB80E /* OnBoardingSlide.swift in Sources */ = {isa = PBXBuildFile; fileRef = 1E40C85F27998929009CB80E /* OnBoardingSlide.swift */; };
		1E40C86227998985009CB80E /* OnBoardingViewController.swift in Sources */ = {isa = PBXBuildFile; fileRef = 1E40C86127998985009CB80E /* OnBoardingViewController.swift */; };
		1E40C86427998CC2009CB80E /* OnBoardingCollectionViewCell.swift in Sources */ = {isa = PBXBuildFile; fileRef = 1E40C86327998CC2009CB80E /* OnBoardingCollectionViewCell.swift */; };
		1E40C868279B95B1009CB80E /* InputCertificationView.swift in Sources */ = {isa = PBXBuildFile; fileRef = 1E40C867279B95B1009CB80E /* InputCertificationView.swift */; };
		1E40C86A279BCD02009CB80E /* CustomTextField.swift in Sources */ = {isa = PBXBuildFile; fileRef = 1E40C869279BCD02009CB80E /* CustomTextField.swift */; };
		1E40C86C279D2351009CB80E /* LoginViewModel.swift in Sources */ = {isa = PBXBuildFile; fileRef = 1E40C86B279D2351009CB80E /* LoginViewModel.swift */; };
		1E40C86E279D24A7009CB80E /* String+Extension.swift in Sources */ = {isa = PBXBuildFile; fileRef = 1E40C86D279D24A7009CB80E /* String+Extension.swift */; };
		1E40C870279D2D47009CB80E /* Observable.swift in Sources */ = {isa = PBXBuildFile; fileRef = 1E40C86F279D2D47009CB80E /* Observable.swift */; };
		1E40C872279D4939009CB80E /* InputCertificationViewController.swift in Sources */ = {isa = PBXBuildFile; fileRef = 1E40C871279D4939009CB80E /* InputCertificationViewController.swift */; };
		1E40C874279D50E6009CB80E /* NickNameView.swift in Sources */ = {isa = PBXBuildFile; fileRef = 1E40C873279D50E6009CB80E /* NickNameView.swift */; };
		1E40C876279D85E2009CB80E /* NickNameViewController.swift in Sources */ = {isa = PBXBuildFile; fileRef = 1E40C875279D85E2009CB80E /* NickNameViewController.swift */; };
		1E40C878279D8C5F009CB80E /* BirthdayView.swift in Sources */ = {isa = PBXBuildFile; fileRef = 1E40C877279D8C5F009CB80E /* BirthdayView.swift */; };
		1E40C87A279D8C6C009CB80E /* BirthdayViewController.swift in Sources */ = {isa = PBXBuildFile; fileRef = 1E40C879279D8C6C009CB80E /* BirthdayViewController.swift */; };
		1E40C87C279DA51D009CB80E /* EmailViewController.swift in Sources */ = {isa = PBXBuildFile; fileRef = 1E40C87B279DA51C009CB80E /* EmailViewController.swift */; };
		1E40C87E279DA524009CB80E /* EmailView.swift in Sources */ = {isa = PBXBuildFile; fileRef = 1E40C87D279DA524009CB80E /* EmailView.swift */; };
		1E40C880279DAFE1009CB80E /* GenderView.swift in Sources */ = {isa = PBXBuildFile; fileRef = 1E40C87F279DAFE1009CB80E /* GenderView.swift */; };
		1E40C882279DAFEC009CB80E /* GenderViewController.swift in Sources */ = {isa = PBXBuildFile; fileRef = 1E40C881279DAFEC009CB80E /* GenderViewController.swift */; };
		1E40C884279DC173009CB80E /* GenderImageView.swift in Sources */ = {isa = PBXBuildFile; fileRef = 1E40C883279DC173009CB80E /* GenderImageView.swift */; };
		1E40C88D279DCF67009CB80E /* UserEndPoint.swift in Sources */ = {isa = PBXBuildFile; fileRef = 1E40C88C279DCF67009CB80E /* UserEndPoint.swift */; };
		1E40C890279E6698009CB80E /* UserAPIService.swift in Sources */ = {isa = PBXBuildFile; fileRef = 1E40C88F279E6698009CB80E /* UserAPIService.swift */; };
		1E40C892279E6C3B009CB80E /* UserInfo.swift in Sources */ = {isa = PBXBuildFile; fileRef = 1E40C891279E6C3B009CB80E /* UserInfo.swift */; };
		1E40C89527A11291009CB80E /* SignUpModel.swift in Sources */ = {isa = PBXBuildFile; fileRef = 1E40C89427A11291009CB80E /* SignUpModel.swift */; };
		1E40C89A27A17029009CB80E /* HomeViewController.swift in Sources */ = {isa = PBXBuildFile; fileRef = 1E40C89927A17029009CB80E /* HomeViewController.swift */; };
		1E40C89D27A299E3009CB80E /* MainTabBarController.swift in Sources */ = {isa = PBXBuildFile; fileRef = 1E40C89C27A299E3009CB80E /* MainTabBarController.swift */; };
		1E40C89F27A2CC28009CB80E /* HomeView.swift in Sources */ = {isa = PBXBuildFile; fileRef = 1E40C89E27A2CC28009CB80E /* HomeView.swift */; };
		1E40C8A427A2CDDC009CB80E /* ShopViewController.swift in Sources */ = {isa = PBXBuildFile; fileRef = 1E40C8A327A2CDDC009CB80E /* ShopViewController.swift */; };
		1E40C8A627A2CDED009CB80E /* FriendsViewController.swift in Sources */ = {isa = PBXBuildFile; fileRef = 1E40C8A527A2CDED009CB80E /* FriendsViewController.swift */; };
		1E40C8A827A2CE07009CB80E /* ProfileViewController.swift in Sources */ = {isa = PBXBuildFile; fileRef = 1E40C8A727A2CE07009CB80E /* ProfileViewController.swift */; };
		1E40C8AA27A2D95E009CB80E /* ProfileView.swift in Sources */ = {isa = PBXBuildFile; fileRef = 1E40C8A927A2D95E009CB80E /* ProfileView.swift */; };
		1E40C8AC27A2D985009CB80E /* FriendsView.swift in Sources */ = {isa = PBXBuildFile; fileRef = 1E40C8AB27A2D985009CB80E /* FriendsView.swift */; };
		1E40C8AE27A2D9B7009CB80E /* ShopView.swift in Sources */ = {isa = PBXBuildFile; fileRef = 1E40C8AD27A2D9B7009CB80E /* ShopView.swift */; };
		1E40C8B227A2FF04009CB80E /* ProfileHeaderTableViewCell.swift in Sources */ = {isa = PBXBuildFile; fileRef = 1E40C8B127A2FF04009CB80E /* ProfileHeaderTableViewCell.swift */; };
		1E40C8B427A7D237009CB80E /* NoticeTableViewCell.swift in Sources */ = {isa = PBXBuildFile; fileRef = 1E40C8B327A7D237009CB80E /* NoticeTableViewCell.swift */; };
		1E40C8B727AAC570009CB80E /* ProfileViewModel.swift in Sources */ = {isa = PBXBuildFile; fileRef = 1E40C8B627AAC570009CB80E /* ProfileViewModel.swift */; };
		1E40C8B927AAE6D7009CB80E /* ProfileDetailViewController.swift in Sources */ = {isa = PBXBuildFile; fileRef = 1E40C8B827AAE6D7009CB80E /* ProfileDetailViewController.swift */; };
		1E40C8BB27AAF6DD009CB80E /* ProfileDetailView.swift in Sources */ = {isa = PBXBuildFile; fileRef = 1E40C8BA27AAF6DD009CB80E /* ProfileDetailView.swift */; };
		1E40C8BD27AAFCD8009CB80E /* ProfileImageView.swift in Sources */ = {isa = PBXBuildFile; fileRef = 1E40C8BC27AAFCD8009CB80E /* ProfileImageView.swift */; };
		1E40C8C027AC19D5009CB80E /* GenderTableViewCell.swift in Sources */ = {isa = PBXBuildFile; fileRef = 1E40C8BF27AC19D5009CB80E /* GenderTableViewCell.swift */; };
		1E40C8C227AC5380009CB80E /* BackgroundTableViewCell.swift in Sources */ = {isa = PBXBuildFile; fileRef = 1E40C8C127AC5380009CB80E /* BackgroundTableViewCell.swift */; };
		1E40C8C427ACF4EE009CB80E /* ToggleView.swift in Sources */ = {isa = PBXBuildFile; fileRef = 1E40C8C327ACF4EE009CB80E /* ToggleView.swift */; };
		1E40C8C627AD15BF009CB80E /* HobbyTableViewCell.swift in Sources */ = {isa = PBXBuildFile; fileRef = 1E40C8C527AD15BF009CB80E /* HobbyTableViewCell.swift */; };
		1E40C8C827AD21C9009CB80E /* PhoneSearchValidTableViewCell.swift in Sources */ = {isa = PBXBuildFile; fileRef = 1E40C8C727AD21C9009CB80E /* PhoneSearchValidTableViewCell.swift */; };
		1E40C8CA27AD2550009CB80E /* AgeTableViewCell.swift in Sources */ = {isa = PBXBuildFile; fileRef = 1E40C8C927AD2550009CB80E /* AgeTableViewCell.swift */; };
		1E40C8CC27AE736A009CB80E /* UpdateMyPageModel.swift in Sources */ = {isa = PBXBuildFile; fileRef = 1E40C8CB27AE736A009CB80E /* UpdateMyPageModel.swift */; };
		1E40C8CE27AFAE07009CB80E /* WithdrawTableViewCell.swift in Sources */ = {isa = PBXBuildFile; fileRef = 1E40C8CD27AFAE07009CB80E /* WithdrawTableViewCell.swift */; };
		1E40C8D027B38770009CB80E /* HomeViewModel.swift in Sources */ = {isa = PBXBuildFile; fileRef = 1E40C8CF27B3876F009CB80E /* HomeViewModel.swift */; };
		1E40C8D227B3F674009CB80E /* QueueEndPoint.swift in Sources */ = {isa = PBXBuildFile; fileRef = 1E40C8D127B3F674009CB80E /* QueueEndPoint.swift */; };
		1E40C8D427B3FFBD009CB80E /* QueueAPIService.swift in Sources */ = {isa = PBXBuildFile; fileRef = 1E40C8D327B3FFBD009CB80E /* QueueAPIService.swift */; };
		1E40C8D627B402CE009CB80E /* OnQueueModel.swift in Sources */ = {isa = PBXBuildFile; fileRef = 1E40C8D527B402CE009CB80E /* OnQueueModel.swift */; };
		1E40C8D827B40647009CB80E /* OnQueueResult.swift in Sources */ = {isa = PBXBuildFile; fileRef = 1E40C8D727B40647009CB80E /* OnQueueResult.swift */; };
		1E40C8DC27B42A19009CB80E /* CustomAnnoationView.swift in Sources */ = {isa = PBXBuildFile; fileRef = 1E40C8DB27B42A19009CB80E /* CustomAnnoationView.swift */; };
		1E40C8DE27B5401E009CB80E /* UIViewController+Extension.swift in Sources */ = {isa = PBXBuildFile; fileRef = 1E40C8DD27B5401E009CB80E /* UIViewController+Extension.swift */; };
		5043C0669EF9B56BE9BC29C4 /* Pods_SeSac_Friends.framework in Frameworks */ = {isa = PBXBuildFile; fileRef = 9165E20EB37090DD7B1724CA /* Pods_SeSac_Friends.framework */; };
/* End PBXBuildFile section */

/* Begin PBXFileReference section */
		0FAC08034A663BC453C8CA1F /* Pods-SeSac_Friends.release.xcconfig */ = {isa = PBXFileReference; includeInIndex = 1; lastKnownFileType = text.xcconfig; name = "Pods-SeSac_Friends.release.xcconfig"; path = "Target Support Files/Pods-SeSac_Friends/Pods-SeSac_Friends.release.xcconfig"; sourceTree = "<group>"; };
		1E2CB2FD27B92682007F4FE9 /* HomeHobbyView.swift */ = {isa = PBXFileReference; lastKnownFileType = sourcecode.swift; path = HomeHobbyView.swift; sourceTree = "<group>"; };
		1E2CB2FF27B93020007F4FE9 /* HomeHobbyViewController.swift */ = {isa = PBXFileReference; lastKnownFileType = sourcecode.swift; path = HomeHobbyViewController.swift; sourceTree = "<group>"; };
		1E2CB30127B941F1007F4FE9 /* HomeHobbyCollectionCell.swift */ = {isa = PBXFileReference; lastKnownFileType = sourcecode.swift; path = HomeHobbyCollectionCell.swift; sourceTree = "<group>"; };
		1E40C80B2795859A009CB80E /* SeSac_Friends.app */ = {isa = PBXFileReference; explicitFileType = wrapper.application; includeInIndex = 0; path = SeSac_Friends.app; sourceTree = BUILT_PRODUCTS_DIR; };
		1E40C80E2795859A009CB80E /* AppDelegate.swift */ = {isa = PBXFileReference; lastKnownFileType = sourcecode.swift; path = AppDelegate.swift; sourceTree = "<group>"; };
		1E40C8102795859A009CB80E /* SceneDelegate.swift */ = {isa = PBXFileReference; lastKnownFileType = sourcecode.swift; path = SceneDelegate.swift; sourceTree = "<group>"; };
		1E40C8122795859A009CB80E /* TestViewController.swift */ = {isa = PBXFileReference; lastKnownFileType = sourcecode.swift; path = TestViewController.swift; sourceTree = "<group>"; };
		1E40C8172795859B009CB80E /* Assets.xcassets */ = {isa = PBXFileReference; lastKnownFileType = folder.assetcatalog; path = Assets.xcassets; sourceTree = "<group>"; };
		1E40C81A2795859B009CB80E /* Base */ = {isa = PBXFileReference; lastKnownFileType = file.storyboard; name = Base; path = Base.lproj/LaunchScreen.storyboard; sourceTree = "<group>"; };
		1E40C81C2795859B009CB80E /* Info.plist */ = {isa = PBXFileReference; lastKnownFileType = text.plist.xml; path = Info.plist; sourceTree = "<group>"; };
		1E40C84927969F4A009CB80E /* GoogleService-Info.plist */ = {isa = PBXFileReference; fileEncoding = 4; lastKnownFileType = text.plist.xml; path = "GoogleService-Info.plist"; sourceTree = "<group>"; };
		1E40C84B2796AD63009CB80E /* UIColor+Extension.swift */ = {isa = PBXFileReference; lastKnownFileType = sourcecode.swift; path = "UIColor+Extension.swift"; sourceTree = "<group>"; };
		1E40C84D2796B262009CB80E /* PhoneCertificationViewController.swift */ = {isa = PBXFileReference; lastKnownFileType = sourcecode.swift; path = PhoneCertificationViewController.swift; sourceTree = "<group>"; };
		1E40C84F279702C5009CB80E /* PhoneCertificationView.swift */ = {isa = PBXFileReference; lastKnownFileType = sourcecode.swift; path = PhoneCertificationView.swift; sourceTree = "<group>"; };
		1E40C8512797F03D009CB80E /* CustomButton.swift */ = {isa = PBXFileReference; lastKnownFileType = sourcecode.swift; path = CustomButton.swift; sourceTree = "<group>"; };
		1E40C8532797F690009CB80E /* UIFont+Extension.swift */ = {isa = PBXFileReference; lastKnownFileType = sourcecode.swift; path = "UIFont+Extension.swift"; sourceTree = "<group>"; };
		1E40C8562798052A009CB80E /* NotoSansCJKkr-Regular.otf */ = {isa = PBXFileReference; lastKnownFileType = file; path = "NotoSansCJKkr-Regular.otf"; sourceTree = "<group>"; };
		1E40C8572798052A009CB80E /* NotoSansCJKkr-Medium.otf */ = {isa = PBXFileReference; lastKnownFileType = file; path = "NotoSansCJKkr-Medium.otf"; sourceTree = "<group>"; };
		1E40C85D27996B11009CB80E /* OnBoardingView.swift */ = {isa = PBXFileReference; lastKnownFileType = sourcecode.swift; path = OnBoardingView.swift; sourceTree = "<group>"; };
		1E40C85F27998929009CB80E /* OnBoardingSlide.swift */ = {isa = PBXFileReference; lastKnownFileType = sourcecode.swift; path = OnBoardingSlide.swift; sourceTree = "<group>"; };
		1E40C86127998985009CB80E /* OnBoardingViewController.swift */ = {isa = PBXFileReference; lastKnownFileType = sourcecode.swift; path = OnBoardingViewController.swift; sourceTree = "<group>"; };
		1E40C86327998CC2009CB80E /* OnBoardingCollectionViewCell.swift */ = {isa = PBXFileReference; lastKnownFileType = sourcecode.swift; path = OnBoardingCollectionViewCell.swift; sourceTree = "<group>"; };
		1E40C867279B95B1009CB80E /* InputCertificationView.swift */ = {isa = PBXFileReference; lastKnownFileType = sourcecode.swift; path = InputCertificationView.swift; sourceTree = "<group>"; };
		1E40C869279BCD02009CB80E /* CustomTextField.swift */ = {isa = PBXFileReference; lastKnownFileType = sourcecode.swift; path = CustomTextField.swift; sourceTree = "<group>"; };
		1E40C86B279D2351009CB80E /* LoginViewModel.swift */ = {isa = PBXFileReference; lastKnownFileType = sourcecode.swift; path = LoginViewModel.swift; sourceTree = "<group>"; };
		1E40C86D279D24A7009CB80E /* String+Extension.swift */ = {isa = PBXFileReference; lastKnownFileType = sourcecode.swift; path = "String+Extension.swift"; sourceTree = "<group>"; };
		1E40C86F279D2D47009CB80E /* Observable.swift */ = {isa = PBXFileReference; lastKnownFileType = sourcecode.swift; path = Observable.swift; sourceTree = "<group>"; };
		1E40C871279D4939009CB80E /* InputCertificationViewController.swift */ = {isa = PBXFileReference; lastKnownFileType = sourcecode.swift; path = InputCertificationViewController.swift; sourceTree = "<group>"; };
		1E40C873279D50E6009CB80E /* NickNameView.swift */ = {isa = PBXFileReference; lastKnownFileType = sourcecode.swift; path = NickNameView.swift; sourceTree = "<group>"; };
		1E40C875279D85E2009CB80E /* NickNameViewController.swift */ = {isa = PBXFileReference; lastKnownFileType = sourcecode.swift; path = NickNameViewController.swift; sourceTree = "<group>"; };
		1E40C877279D8C5F009CB80E /* BirthdayView.swift */ = {isa = PBXFileReference; lastKnownFileType = sourcecode.swift; path = BirthdayView.swift; sourceTree = "<group>"; };
		1E40C879279D8C6C009CB80E /* BirthdayViewController.swift */ = {isa = PBXFileReference; lastKnownFileType = sourcecode.swift; path = BirthdayViewController.swift; sourceTree = "<group>"; };
		1E40C87B279DA51C009CB80E /* EmailViewController.swift */ = {isa = PBXFileReference; lastKnownFileType = sourcecode.swift; path = EmailViewController.swift; sourceTree = "<group>"; };
		1E40C87D279DA524009CB80E /* EmailView.swift */ = {isa = PBXFileReference; lastKnownFileType = sourcecode.swift; path = EmailView.swift; sourceTree = "<group>"; };
		1E40C87F279DAFE1009CB80E /* GenderView.swift */ = {isa = PBXFileReference; lastKnownFileType = sourcecode.swift; path = GenderView.swift; sourceTree = "<group>"; };
		1E40C881279DAFEC009CB80E /* GenderViewController.swift */ = {isa = PBXFileReference; lastKnownFileType = sourcecode.swift; path = GenderViewController.swift; sourceTree = "<group>"; };
		1E40C883279DC173009CB80E /* GenderImageView.swift */ = {isa = PBXFileReference; lastKnownFileType = sourcecode.swift; path = GenderImageView.swift; sourceTree = "<group>"; };
		1E40C88C279DCF67009CB80E /* UserEndPoint.swift */ = {isa = PBXFileReference; lastKnownFileType = sourcecode.swift; path = UserEndPoint.swift; sourceTree = "<group>"; };
		1E40C88F279E6698009CB80E /* UserAPIService.swift */ = {isa = PBXFileReference; lastKnownFileType = sourcecode.swift; path = UserAPIService.swift; sourceTree = "<group>"; };
		1E40C891279E6C3B009CB80E /* UserInfo.swift */ = {isa = PBXFileReference; lastKnownFileType = sourcecode.swift; path = UserInfo.swift; sourceTree = "<group>"; };
		1E40C89427A11291009CB80E /* SignUpModel.swift */ = {isa = PBXFileReference; lastKnownFileType = sourcecode.swift; path = SignUpModel.swift; sourceTree = "<group>"; };
		1E40C89927A17029009CB80E /* HomeViewController.swift */ = {isa = PBXFileReference; lastKnownFileType = sourcecode.swift; path = HomeViewController.swift; sourceTree = "<group>"; };
		1E40C89C27A299E3009CB80E /* MainTabBarController.swift */ = {isa = PBXFileReference; lastKnownFileType = sourcecode.swift; path = MainTabBarController.swift; sourceTree = "<group>"; };
		1E40C89E27A2CC28009CB80E /* HomeView.swift */ = {isa = PBXFileReference; lastKnownFileType = sourcecode.swift; path = HomeView.swift; sourceTree = "<group>"; };
		1E40C8A327A2CDDC009CB80E /* ShopViewController.swift */ = {isa = PBXFileReference; lastKnownFileType = sourcecode.swift; path = ShopViewController.swift; sourceTree = "<group>"; };
		1E40C8A527A2CDED009CB80E /* FriendsViewController.swift */ = {isa = PBXFileReference; lastKnownFileType = sourcecode.swift; path = FriendsViewController.swift; sourceTree = "<group>"; };
		1E40C8A727A2CE07009CB80E /* ProfileViewController.swift */ = {isa = PBXFileReference; lastKnownFileType = sourcecode.swift; path = ProfileViewController.swift; sourceTree = "<group>"; };
		1E40C8A927A2D95E009CB80E /* ProfileView.swift */ = {isa = PBXFileReference; lastKnownFileType = sourcecode.swift; path = ProfileView.swift; sourceTree = "<group>"; };
		1E40C8AB27A2D985009CB80E /* FriendsView.swift */ = {isa = PBXFileReference; lastKnownFileType = sourcecode.swift; path = FriendsView.swift; sourceTree = "<group>"; };
		1E40C8AD27A2D9B7009CB80E /* ShopView.swift */ = {isa = PBXFileReference; lastKnownFileType = sourcecode.swift; path = ShopView.swift; sourceTree = "<group>"; };
		1E40C8B127A2FF04009CB80E /* ProfileHeaderTableViewCell.swift */ = {isa = PBXFileReference; lastKnownFileType = sourcecode.swift; path = ProfileHeaderTableViewCell.swift; sourceTree = "<group>"; };
		1E40C8B327A7D237009CB80E /* NoticeTableViewCell.swift */ = {isa = PBXFileReference; lastKnownFileType = sourcecode.swift; path = NoticeTableViewCell.swift; sourceTree = "<group>"; };
		1E40C8B627AAC570009CB80E /* ProfileViewModel.swift */ = {isa = PBXFileReference; lastKnownFileType = sourcecode.swift; path = ProfileViewModel.swift; sourceTree = "<group>"; };
		1E40C8B827AAE6D7009CB80E /* ProfileDetailViewController.swift */ = {isa = PBXFileReference; lastKnownFileType = sourcecode.swift; path = ProfileDetailViewController.swift; sourceTree = "<group>"; };
		1E40C8BA27AAF6DD009CB80E /* ProfileDetailView.swift */ = {isa = PBXFileReference; lastKnownFileType = sourcecode.swift; path = ProfileDetailView.swift; sourceTree = "<group>"; };
		1E40C8BC27AAFCD8009CB80E /* ProfileImageView.swift */ = {isa = PBXFileReference; lastKnownFileType = sourcecode.swift; path = ProfileImageView.swift; sourceTree = "<group>"; };
		1E40C8BF27AC19D5009CB80E /* GenderTableViewCell.swift */ = {isa = PBXFileReference; lastKnownFileType = sourcecode.swift; path = GenderTableViewCell.swift; sourceTree = "<group>"; };
		1E40C8C127AC5380009CB80E /* BackgroundTableViewCell.swift */ = {isa = PBXFileReference; lastKnownFileType = sourcecode.swift; path = BackgroundTableViewCell.swift; sourceTree = "<group>"; };
		1E40C8C327ACF4EE009CB80E /* ToggleView.swift */ = {isa = PBXFileReference; lastKnownFileType = sourcecode.swift; path = ToggleView.swift; sourceTree = "<group>"; };
		1E40C8C527AD15BF009CB80E /* HobbyTableViewCell.swift */ = {isa = PBXFileReference; lastKnownFileType = sourcecode.swift; path = HobbyTableViewCell.swift; sourceTree = "<group>"; };
		1E40C8C727AD21C9009CB80E /* PhoneSearchValidTableViewCell.swift */ = {isa = PBXFileReference; lastKnownFileType = sourcecode.swift; path = PhoneSearchValidTableViewCell.swift; sourceTree = "<group>"; };
		1E40C8C927AD2550009CB80E /* AgeTableViewCell.swift */ = {isa = PBXFileReference; lastKnownFileType = sourcecode.swift; path = AgeTableViewCell.swift; sourceTree = "<group>"; };
		1E40C8CB27AE736A009CB80E /* UpdateMyPageModel.swift */ = {isa = PBXFileReference; lastKnownFileType = sourcecode.swift; path = UpdateMyPageModel.swift; sourceTree = "<group>"; };
		1E40C8CD27AFAE07009CB80E /* WithdrawTableViewCell.swift */ = {isa = PBXFileReference; lastKnownFileType = sourcecode.swift; path = WithdrawTableViewCell.swift; sourceTree = "<group>"; };
		1E40C8CF27B3876F009CB80E /* HomeViewModel.swift */ = {isa = PBXFileReference; lastKnownFileType = sourcecode.swift; path = HomeViewModel.swift; sourceTree = "<group>"; };
		1E40C8D127B3F674009CB80E /* QueueEndPoint.swift */ = {isa = PBXFileReference; lastKnownFileType = sourcecode.swift; path = QueueEndPoint.swift; sourceTree = "<group>"; };
		1E40C8D327B3FFBD009CB80E /* QueueAPIService.swift */ = {isa = PBXFileReference; lastKnownFileType = sourcecode.swift; path = QueueAPIService.swift; sourceTree = "<group>"; };
		1E40C8D527B402CE009CB80E /* OnQueueModel.swift */ = {isa = PBXFileReference; lastKnownFileType = sourcecode.swift; path = OnQueueModel.swift; sourceTree = "<group>"; };
		1E40C8D727B40647009CB80E /* OnQueueResult.swift */ = {isa = PBXFileReference; lastKnownFileType = sourcecode.swift; path = OnQueueResult.swift; sourceTree = "<group>"; };
		1E40C8DB27B42A19009CB80E /* CustomAnnoationView.swift */ = {isa = PBXFileReference; lastKnownFileType = sourcecode.swift; path = CustomAnnoationView.swift; sourceTree = "<group>"; };
		1E40C8DD27B5401E009CB80E /* UIViewController+Extension.swift */ = {isa = PBXFileReference; lastKnownFileType = sourcecode.swift; path = "UIViewController+Extension.swift"; sourceTree = "<group>"; };
		74B873DD0B637366C85FC28A /* Pods-SeSac_Friends.debug.xcconfig */ = {isa = PBXFileReference; includeInIndex = 1; lastKnownFileType = text.xcconfig; name = "Pods-SeSac_Friends.debug.xcconfig"; path = "Target Support Files/Pods-SeSac_Friends/Pods-SeSac_Friends.debug.xcconfig"; sourceTree = "<group>"; };
		9165E20EB37090DD7B1724CA /* Pods_SeSac_Friends.framework */ = {isa = PBXFileReference; explicitFileType = wrapper.framework; includeInIndex = 0; path = Pods_SeSac_Friends.framework; sourceTree = BUILT_PRODUCTS_DIR; };
/* End PBXFileReference section */

/* Begin PBXFrameworksBuildPhase section */
		1E40C8082795859A009CB80E /* Frameworks */ = {
			isa = PBXFrameworksBuildPhase;
			buildActionMask = 2147483647;
			files = (
				5043C0669EF9B56BE9BC29C4 /* Pods_SeSac_Friends.framework in Frameworks */,
			);
			runOnlyForDeploymentPostprocessing = 0;
		};
/* End PBXFrameworksBuildPhase section */

/* Begin PBXGroup section */
		1E40C8022795859A009CB80E = {
			isa = PBXGroup;
			children = (
				1E40C80D2795859A009CB80E /* SeSac_Friends */,
				1E40C80C2795859A009CB80E /* Products */,
				4C9AA2998C723B9F8FA33905 /* Pods */,
				4DB2A4B9085255DA3B9E2DD2 /* Frameworks */,
			);
			sourceTree = "<group>";
		};
		1E40C80C2795859A009CB80E /* Products */ = {
			isa = PBXGroup;
			children = (
				1E40C80B2795859A009CB80E /* SeSac_Friends.app */,
			);
			name = Products;
			sourceTree = "<group>";
		};
		1E40C80D2795859A009CB80E /* SeSac_Friends */ = {
			isa = PBXGroup;
			children = (
				1E40C89B27A299CD009CB80E /* Main */,
				1E40C885279DCD41009CB80E /* Login */,
				1E40C85C27996AB0009CB80E /* Onboarding */,
				1E40C866279B2F4F009CB80E /* CustomView */,
				1E40C8102795859A009CB80E /* SceneDelegate.swift */,
				1E40C80E2795859A009CB80E /* AppDelegate.swift */,
				1E40C8122795859A009CB80E /* TestViewController.swift */,
				1E40C86F279D2D47009CB80E /* Observable.swift */,
				1E40C8172795859B009CB80E /* Assets.xcassets */,
				1E40C8192795859B009CB80E /* LaunchScreen.storyboard */,
				1E40C88E279DD4E0009CB80E /* Model */,
				1E40C88B279DCF3F009CB80E /* API */,
				1E40C8552798006C009CB80E /* Font */,
				1E40C865279B2F2E009CB80E /* Extension */,
				1E40C81C2795859B009CB80E /* Info.plist */,
				1E40C84927969F4A009CB80E /* GoogleService-Info.plist */,
			);
			path = SeSac_Friends;
			sourceTree = "<group>";
		};
		1E40C8552798006C009CB80E /* Font */ = {
			isa = PBXGroup;
			children = (
				1E40C8572798052A009CB80E /* NotoSansCJKkr-Medium.otf */,
				1E40C8562798052A009CB80E /* NotoSansCJKkr-Regular.otf */,
			);
			path = Font;
			sourceTree = "<group>";
		};
		1E40C85C27996AB0009CB80E /* Onboarding */ = {
			isa = PBXGroup;
			children = (
				1E40C85D27996B11009CB80E /* OnBoardingView.swift */,
				1E40C86327998CC2009CB80E /* OnBoardingCollectionViewCell.swift */,
				1E40C85F27998929009CB80E /* OnBoardingSlide.swift */,
				1E40C86127998985009CB80E /* OnBoardingViewController.swift */,
			);
			path = Onboarding;
			sourceTree = "<group>";
		};
		1E40C865279B2F2E009CB80E /* Extension */ = {
			isa = PBXGroup;
			children = (
				1E40C84B2796AD63009CB80E /* UIColor+Extension.swift */,
				1E40C8532797F690009CB80E /* UIFont+Extension.swift */,
				1E40C86D279D24A7009CB80E /* String+Extension.swift */,
				1E40C8DD27B5401E009CB80E /* UIViewController+Extension.swift */,
			);
			path = Extension;
			sourceTree = "<group>";
		};
		1E40C866279B2F4F009CB80E /* CustomView */ = {
			isa = PBXGroup;
			children = (
				1E40C883279DC173009CB80E /* GenderImageView.swift */,
				1E40C8512797F03D009CB80E /* CustomButton.swift */,
				1E40C869279BCD02009CB80E /* CustomTextField.swift */,
				1E40C8BC27AAFCD8009CB80E /* ProfileImageView.swift */,
				1E40C8C327ACF4EE009CB80E /* ToggleView.swift */,
				1E40C8DB27B42A19009CB80E /* CustomAnnoationView.swift */,
			);
			path = CustomView;
			sourceTree = "<group>";
		};
		1E40C885279DCD41009CB80E /* Login */ = {
			isa = PBXGroup;
			children = (
				1E40C893279ECCAB009CB80E /* ViewModel */,
				1E40C88A279DCDC9009CB80E /* Birthday */,
				1E40C889279DCDBD009CB80E /* Gender */,
				1E40C888279DCDAD009CB80E /* NickName */,
				1E40C887279DCDA0009CB80E /* Email */,
				1E40C886279DCD8B009CB80E /* Certification */,
			);
			path = Login;
			sourceTree = "<group>";
		};
		1E40C886279DCD8B009CB80E /* Certification */ = {
			isa = PBXGroup;
			children = (
				1E40C867279B95B1009CB80E /* InputCertificationView.swift */,
				1E40C871279D4939009CB80E /* InputCertificationViewController.swift */,
				1E40C84F279702C5009CB80E /* PhoneCertificationView.swift */,
				1E40C84D2796B262009CB80E /* PhoneCertificationViewController.swift */,
			);
			path = Certification;
			sourceTree = "<group>";
		};
		1E40C887279DCDA0009CB80E /* Email */ = {
			isa = PBXGroup;
			children = (
				1E40C87B279DA51C009CB80E /* EmailViewController.swift */,
				1E40C87D279DA524009CB80E /* EmailView.swift */,
			);
			path = Email;
			sourceTree = "<group>";
		};
		1E40C888279DCDAD009CB80E /* NickName */ = {
			isa = PBXGroup;
			children = (
				1E40C873279D50E6009CB80E /* NickNameView.swift */,
				1E40C875279D85E2009CB80E /* NickNameViewController.swift */,
			);
			path = NickName;
			sourceTree = "<group>";
		};
		1E40C889279DCDBD009CB80E /* Gender */ = {
			isa = PBXGroup;
			children = (
				1E40C87F279DAFE1009CB80E /* GenderView.swift */,
				1E40C881279DAFEC009CB80E /* GenderViewController.swift */,
			);
			path = Gender;
			sourceTree = "<group>";
		};
		1E40C88A279DCDC9009CB80E /* Birthday */ = {
			isa = PBXGroup;
			children = (
				1E40C877279D8C5F009CB80E /* BirthdayView.swift */,
				1E40C879279D8C6C009CB80E /* BirthdayViewController.swift */,
			);
			path = Birthday;
			sourceTree = "<group>";
		};
		1E40C88B279DCF3F009CB80E /* API */ = {
			isa = PBXGroup;
			children = (
				1E40C88C279DCF67009CB80E /* UserEndPoint.swift */,
				1E40C88F279E6698009CB80E /* UserAPIService.swift */,
				1E40C8D127B3F674009CB80E /* QueueEndPoint.swift */,
				1E40C8D327B3FFBD009CB80E /* QueueAPIService.swift */,
			);
			path = API;
			sourceTree = "<group>";
		};
		1E40C88E279DD4E0009CB80E /* Model */ = {
			isa = PBXGroup;
			children = (
				1E40C891279E6C3B009CB80E /* UserInfo.swift */,
				1E40C89427A11291009CB80E /* SignUpModel.swift */,
				1E40C8CB27AE736A009CB80E /* UpdateMyPageModel.swift */,
				1E40C8D527B402CE009CB80E /* OnQueueModel.swift */,
				1E40C8D727B40647009CB80E /* OnQueueResult.swift */,
			);
			path = Model;
			sourceTree = "<group>";
		};
		1E40C893279ECCAB009CB80E /* ViewModel */ = {
			isa = PBXGroup;
			children = (
				1E40C86B279D2351009CB80E /* LoginViewModel.swift */,
			);
			path = ViewModel;
			sourceTree = "<group>";
		};
		1E40C89627A1686A009CB80E /* Home */ = {
			isa = PBXGroup;
			children = (
				1E40C89927A17029009CB80E /* HomeViewController.swift */,
				1E2CB2FF27B93020007F4FE9 /* HomeHobbyViewController.swift */,
				1E40C89E27A2CC28009CB80E /* HomeView.swift */,
				1E2CB2FD27B92682007F4FE9 /* HomeHobbyView.swift */,
			);
			path = Home;
			sourceTree = "<group>";
		};
		1E40C89B27A299CD009CB80E /* Main */ = {
			isa = PBXGroup;
			children = (
				1E40C8B527AAC443009CB80E /* ViewModel */,
				1E40C8A227A2CD8F009CB80E /* Profile */,
				1E40C8A127A2CD84009CB80E /* Friends */,
				1E40C8A027A2CD79009CB80E /* Shop */,
				1E40C89627A1686A009CB80E /* Home */,
				1E40C89C27A299E3009CB80E /* MainTabBarController.swift */,
			);
			path = Main;
			sourceTree = "<group>";
		};
		1E40C8A027A2CD79009CB80E /* Shop */ = {
			isa = PBXGroup;
			children = (
				1E40C8A327A2CDDC009CB80E /* ShopViewController.swift */,
				1E40C8AD27A2D9B7009CB80E /* ShopView.swift */,
			);
			path = Shop;
			sourceTree = "<group>";
		};
		1E40C8A127A2CD84009CB80E /* Friends */ = {
			isa = PBXGroup;
			children = (
				1E40C8A527A2CDED009CB80E /* FriendsViewController.swift */,
				1E40C8AB27A2D985009CB80E /* FriendsView.swift */,
			);
			path = Friends;
			sourceTree = "<group>";
		};
		1E40C8A227A2CD8F009CB80E /* Profile */ = {
			isa = PBXGroup;
			children = (
				1E40C8BE27AC1982009CB80E /* MyInfo */,
				1E40C8A727A2CE07009CB80E /* ProfileViewController.swift */,
				1E40C8A927A2D95E009CB80E /* ProfileView.swift */,
				1E40C8B127A2FF04009CB80E /* ProfileHeaderTableViewCell.swift */,
				1E40C8B327A7D237009CB80E /* NoticeTableViewCell.swift */,
				1E40C8BA27AAF6DD009CB80E /* ProfileDetailView.swift */,
				1E40C8B827AAE6D7009CB80E /* ProfileDetailViewController.swift */,
			);
			path = Profile;
			sourceTree = "<group>";
		};
		1E40C8B527AAC443009CB80E /* ViewModel */ = {
			isa = PBXGroup;
			children = (
				1E40C8CF27B3876F009CB80E /* HomeViewModel.swift */,
				1E2CB30127B941F1007F4FE9 /* HomeHobbyCollectionCell.swift */,
				1E40C8B627AAC570009CB80E /* ProfileViewModel.swift */,
			);
			path = ViewModel;
			sourceTree = "<group>";
		};
		1E40C8BE27AC1982009CB80E /* MyInfo */ = {
			isa = PBXGroup;
			children = (
				1E40C8BF27AC19D5009CB80E /* GenderTableViewCell.swift */,
				1E40C8C527AD15BF009CB80E /* HobbyTableViewCell.swift */,
				1E40C8C127AC5380009CB80E /* BackgroundTableViewCell.swift */,
				1E40C8C727AD21C9009CB80E /* PhoneSearchValidTableViewCell.swift */,
				1E40C8C927AD2550009CB80E /* AgeTableViewCell.swift */,
				1E40C8CD27AFAE07009CB80E /* WithdrawTableViewCell.swift */,
			);
			path = MyInfo;
			sourceTree = "<group>";
		};
		4C9AA2998C723B9F8FA33905 /* Pods */ = {
			isa = PBXGroup;
			children = (
				74B873DD0B637366C85FC28A /* Pods-SeSac_Friends.debug.xcconfig */,
				0FAC08034A663BC453C8CA1F /* Pods-SeSac_Friends.release.xcconfig */,
			);
			path = Pods;
			sourceTree = "<group>";
		};
		4DB2A4B9085255DA3B9E2DD2 /* Frameworks */ = {
			isa = PBXGroup;
			children = (
				9165E20EB37090DD7B1724CA /* Pods_SeSac_Friends.framework */,
			);
			name = Frameworks;
			sourceTree = "<group>";
		};
/* End PBXGroup section */

/* Begin PBXNativeTarget section */
		1E40C80A2795859A009CB80E /* SeSac_Friends */ = {
			isa = PBXNativeTarget;
			buildConfigurationList = 1E40C81F2795859B009CB80E /* Build configuration list for PBXNativeTarget "SeSac_Friends" */;
			buildPhases = (
				FB1601CD6FE79A66B346464A /* [CP] Check Pods Manifest.lock */,
				1E40C8072795859A009CB80E /* Sources */,
				1E40C8082795859A009CB80E /* Frameworks */,
				1E40C8092795859A009CB80E /* Resources */,
				8A9058D489046F7C9167A5E4 /* [CP] Embed Pods Frameworks */,
			);
			buildRules = (
			);
			dependencies = (
			);
			name = SeSac_Friends;
			productName = SeSac_Friends;
			productReference = 1E40C80B2795859A009CB80E /* SeSac_Friends.app */;
			productType = "com.apple.product-type.application";
		};
/* End PBXNativeTarget section */

/* Begin PBXProject section */
		1E40C8032795859A009CB80E /* Project object */ = {
			isa = PBXProject;
			attributes = {
				BuildIndependentTargetsInParallel = 1;
				LastSwiftUpdateCheck = 1300;
				LastUpgradeCheck = 1300;
				TargetAttributes = {
					1E40C80A2795859A009CB80E = {
						CreatedOnToolsVersion = 13.0;
					};
				};
			};
			buildConfigurationList = 1E40C8062795859A009CB80E /* Build configuration list for PBXProject "SeSac_Friends" */;
			compatibilityVersion = "Xcode 13.0";
			developmentRegion = en;
			hasScannedForEncodings = 0;
			knownRegions = (
				en,
				Base,
			);
			mainGroup = 1E40C8022795859A009CB80E;
			productRefGroup = 1E40C80C2795859A009CB80E /* Products */;
			projectDirPath = "";
			projectRoot = "";
			targets = (
				1E40C80A2795859A009CB80E /* SeSac_Friends */,
			);
		};
/* End PBXProject section */

/* Begin PBXResourcesBuildPhase section */
		1E40C8092795859A009CB80E /* Resources */ = {
			isa = PBXResourcesBuildPhase;
			buildActionMask = 2147483647;
			files = (
				1E40C85927982B64009CB80E /* NotoSansCJKkr-Regular.otf in Resources */,
				1E40C81B2795859B009CB80E /* LaunchScreen.storyboard in Resources */,
				1E40C84A27969F4A009CB80E /* GoogleService-Info.plist in Resources */,
				1E40C8182795859B009CB80E /* Assets.xcassets in Resources */,
				1E40C85827982B62009CB80E /* NotoSansCJKkr-Medium.otf in Resources */,
			);
			runOnlyForDeploymentPostprocessing = 0;
		};
/* End PBXResourcesBuildPhase section */

/* Begin PBXShellScriptBuildPhase section */
		8A9058D489046F7C9167A5E4 /* [CP] Embed Pods Frameworks */ = {
			isa = PBXShellScriptBuildPhase;
			buildActionMask = 2147483647;
			files = (
			);
			inputFileListPaths = (
				"${PODS_ROOT}/Target Support Files/Pods-SeSac_Friends/Pods-SeSac_Friends-frameworks-${CONFIGURATION}-input-files.xcfilelist",
			);
			name = "[CP] Embed Pods Frameworks";
			outputFileListPaths = (
				"${PODS_ROOT}/Target Support Files/Pods-SeSac_Friends/Pods-SeSac_Friends-frameworks-${CONFIGURATION}-output-files.xcfilelist",
			);
			runOnlyForDeploymentPostprocessing = 0;
			shellPath = /bin/sh;
			shellScript = "\"${PODS_ROOT}/Target Support Files/Pods-SeSac_Friends/Pods-SeSac_Friends-frameworks.sh\"\n";
			showEnvVarsInLog = 0;
		};
		FB1601CD6FE79A66B346464A /* [CP] Check Pods Manifest.lock */ = {
			isa = PBXShellScriptBuildPhase;
			buildActionMask = 2147483647;
			files = (
			);
			inputFileListPaths = (
			);
			inputPaths = (
				"${PODS_PODFILE_DIR_PATH}/Podfile.lock",
				"${PODS_ROOT}/Manifest.lock",
			);
			name = "[CP] Check Pods Manifest.lock";
			outputFileListPaths = (
			);
			outputPaths = (
				"$(DERIVED_FILE_DIR)/Pods-SeSac_Friends-checkManifestLockResult.txt",
			);
			runOnlyForDeploymentPostprocessing = 0;
			shellPath = /bin/sh;
			shellScript = "diff \"${PODS_PODFILE_DIR_PATH}/Podfile.lock\" \"${PODS_ROOT}/Manifest.lock\" > /dev/null\nif [ $? != 0 ] ; then\n    # print error to STDERR\n    echo \"error: The sandbox is not in sync with the Podfile.lock. Run 'pod install' or update your CocoaPods installation.\" >&2\n    exit 1\nfi\n# This output is used by Xcode 'outputs' to avoid re-running this script phase.\necho \"SUCCESS\" > \"${SCRIPT_OUTPUT_FILE_0}\"\n";
			showEnvVarsInLog = 0;
		};
/* End PBXShellScriptBuildPhase section */

/* Begin PBXSourcesBuildPhase section */
		1E40C8072795859A009CB80E /* Sources */ = {
			isa = PBXSourcesBuildPhase;
			buildActionMask = 2147483647;
			files = (
				1E2CB2FE27B92682007F4FE9 /* HomeHobbyView.swift in Sources */,
				1E2CB30227B941F1007F4FE9 /* HomeHobbyCollectionCell.swift in Sources */,
				1E40C876279D85E2009CB80E /* NickNameViewController.swift in Sources */,
				1E40C872279D4939009CB80E /* InputCertificationViewController.swift in Sources */,
				1E40C890279E6698009CB80E /* UserAPIService.swift in Sources */,
				1E40C86E279D24A7009CB80E /* String+Extension.swift in Sources */,
				1E40C882279DAFEC009CB80E /* GenderViewController.swift in Sources */,
				1E40C89F27A2CC28009CB80E /* HomeView.swift in Sources */,
				1E40C8CC27AE736A009CB80E /* UpdateMyPageModel.swift in Sources */,
				1E40C8C427ACF4EE009CB80E /* ToggleView.swift in Sources */,
				1E40C86A279BCD02009CB80E /* CustomTextField.swift in Sources */,
				1E40C8542797F690009CB80E /* UIFont+Extension.swift in Sources */,
				1E40C87E279DA524009CB80E /* EmailView.swift in Sources */,
				1E40C8C627AD15BF009CB80E /* HobbyTableViewCell.swift in Sources */,
				1E40C8D627B402CE009CB80E /* OnQueueModel.swift in Sources */,
				1E40C892279E6C3B009CB80E /* UserInfo.swift in Sources */,
				1E40C850279702C5009CB80E /* PhoneCertificationView.swift in Sources */,
				1E40C8CA27AD2550009CB80E /* AgeTableViewCell.swift in Sources */,
				1E40C85A27982C00009CB80E /* TestViewController.swift in Sources */,
				1E40C8C027AC19D5009CB80E /* GenderTableViewCell.swift in Sources */,
				1E40C8AC27A2D985009CB80E /* FriendsView.swift in Sources */,
				1E40C8A427A2CDDC009CB80E /* ShopViewController.swift in Sources */,
				1E40C884279DC173009CB80E /* GenderImageView.swift in Sources */,
				1E40C86C279D2351009CB80E /* LoginViewModel.swift in Sources */,
				1E40C8BD27AAFCD8009CB80E /* ProfileImageView.swift in Sources */,
				1E40C86427998CC2009CB80E /* OnBoardingCollectionViewCell.swift in Sources */,
				1E40C8D027B38770009CB80E /* HomeViewModel.swift in Sources */,
				1E40C8AA27A2D95E009CB80E /* ProfileView.swift in Sources */,
				1E40C8DE27B5401E009CB80E /* UIViewController+Extension.swift in Sources */,
				1E40C85E27996B11009CB80E /* OnBoardingView.swift in Sources */,
				1E40C86027998929009CB80E /* OnBoardingSlide.swift in Sources */,
				1E40C8D427B3FFBD009CB80E /* QueueAPIService.swift in Sources */,
				1E40C89527A11291009CB80E /* SignUpModel.swift in Sources */,
				1E40C8CE27AFAE07009CB80E /* WithdrawTableViewCell.swift in Sources */,
				1E40C87C279DA51D009CB80E /* EmailViewController.swift in Sources */,
				1E40C87A279D8C6C009CB80E /* BirthdayViewController.swift in Sources */,
				1E40C8B427A7D237009CB80E /* NoticeTableViewCell.swift in Sources */,
				1E40C8B227A2FF04009CB80E /* ProfileHeaderTableViewCell.swift in Sources */,
				1E40C8C227AC5380009CB80E /* BackgroundTableViewCell.swift in Sources */,
				1E40C8B927AAE6D7009CB80E /* ProfileDetailViewController.swift in Sources */,
				1E40C8DC27B42A19009CB80E /* CustomAnnoationView.swift in Sources */,
				1E40C84E2796B262009CB80E /* PhoneCertificationViewController.swift in Sources */,
				1E40C868279B95B1009CB80E /* InputCertificationView.swift in Sources */,
				1E40C80F2795859A009CB80E /* AppDelegate.swift in Sources */,
				1E40C8B727AAC570009CB80E /* ProfileViewModel.swift in Sources */,
				1E40C870279D2D47009CB80E /* Observable.swift in Sources */,
				1E40C878279D8C5F009CB80E /* BirthdayView.swift in Sources */,
				1E40C8D827B40647009CB80E /* OnQueueResult.swift in Sources */,
				1E40C8BB27AAF6DD009CB80E /* ProfileDetailView.swift in Sources */,
				1E40C8112795859A009CB80E /* SceneDelegate.swift in Sources */,
				1E40C84C2796AD63009CB80E /* UIColor+Extension.swift in Sources */,
				1E40C8A627A2CDED009CB80E /* FriendsViewController.swift in Sources */,
				1E40C880279DAFE1009CB80E /* GenderView.swift in Sources */,
				1E40C8D227B3F674009CB80E /* QueueEndPoint.swift in Sources */,
				1E40C89D27A299E3009CB80E /* MainTabBarController.swift in Sources */,
				1E40C8522797F03D009CB80E /* CustomButton.swift in Sources */,
				1E40C89A27A17029009CB80E /* HomeViewController.swift in Sources */,
				1E2CB30027B93020007F4FE9 /* HomeHobbyViewController.swift in Sources */,
				1E40C874279D50E6009CB80E /* NickNameView.swift in Sources */,
				1E40C8A827A2CE07009CB80E /* ProfileViewController.swift in Sources */,
				1E40C88D279DCF67009CB80E /* UserEndPoint.swift in Sources */,
				1E40C8C827AD21C9009CB80E /* PhoneSearchValidTableViewCell.swift in Sources */,
				1E40C8AE27A2D9B7009CB80E /* ShopView.swift in Sources */,
				1E40C86227998985009CB80E /* OnBoardingViewController.swift in Sources */,
			);
			runOnlyForDeploymentPostprocessing = 0;
		};
/* End PBXSourcesBuildPhase section */

/* Begin PBXVariantGroup section */
		1E40C8192795859B009CB80E /* LaunchScreen.storyboard */ = {
			isa = PBXVariantGroup;
			children = (
				1E40C81A2795859B009CB80E /* Base */,
			);
			name = LaunchScreen.storyboard;
			sourceTree = "<group>";
		};
/* End PBXVariantGroup section */

/* Begin XCBuildConfiguration section */
		1E40C81D2795859B009CB80E /* Debug */ = {
			isa = XCBuildConfiguration;
			buildSettings = {
				ALWAYS_SEARCH_USER_PATHS = NO;
				CLANG_ANALYZER_NONNULL = YES;
				CLANG_ANALYZER_NUMBER_OBJECT_CONVERSION = YES_AGGRESSIVE;
				CLANG_CXX_LANGUAGE_STANDARD = "gnu++17";
				CLANG_CXX_LIBRARY = "libc++";
				CLANG_ENABLE_MODULES = YES;
				CLANG_ENABLE_OBJC_ARC = YES;
				CLANG_ENABLE_OBJC_WEAK = YES;
				CLANG_WARN_BLOCK_CAPTURE_AUTORELEASING = YES;
				CLANG_WARN_BOOL_CONVERSION = YES;
				CLANG_WARN_COMMA = YES;
				CLANG_WARN_CONSTANT_CONVERSION = YES;
				CLANG_WARN_DEPRECATED_OBJC_IMPLEMENTATIONS = YES;
				CLANG_WARN_DIRECT_OBJC_ISA_USAGE = YES_ERROR;
				CLANG_WARN_DOCUMENTATION_COMMENTS = YES;
				CLANG_WARN_EMPTY_BODY = YES;
				CLANG_WARN_ENUM_CONVERSION = YES;
				CLANG_WARN_INFINITE_RECURSION = YES;
				CLANG_WARN_INT_CONVERSION = YES;
				CLANG_WARN_NON_LITERAL_NULL_CONVERSION = YES;
				CLANG_WARN_OBJC_IMPLICIT_RETAIN_SELF = YES;
				CLANG_WARN_OBJC_LITERAL_CONVERSION = YES;
				CLANG_WARN_OBJC_ROOT_CLASS = YES_ERROR;
				CLANG_WARN_QUOTED_INCLUDE_IN_FRAMEWORK_HEADER = YES;
				CLANG_WARN_RANGE_LOOP_ANALYSIS = YES;
				CLANG_WARN_STRICT_PROTOTYPES = YES;
				CLANG_WARN_SUSPICIOUS_MOVE = YES;
				CLANG_WARN_UNGUARDED_AVAILABILITY = YES_AGGRESSIVE;
				CLANG_WARN_UNREACHABLE_CODE = YES;
				CLANG_WARN__DUPLICATE_METHOD_MATCH = YES;
				COPY_PHASE_STRIP = NO;
				DEBUG_INFORMATION_FORMAT = dwarf;
				ENABLE_STRICT_OBJC_MSGSEND = YES;
				ENABLE_TESTABILITY = YES;
				GCC_C_LANGUAGE_STANDARD = gnu11;
				GCC_DYNAMIC_NO_PIC = NO;
				GCC_NO_COMMON_BLOCKS = YES;
				GCC_OPTIMIZATION_LEVEL = 0;
				GCC_PREPROCESSOR_DEFINITIONS = (
					"DEBUG=1",
					"$(inherited)",
				);
				GCC_WARN_64_TO_32_BIT_CONVERSION = YES;
				GCC_WARN_ABOUT_RETURN_TYPE = YES_ERROR;
				GCC_WARN_UNDECLARED_SELECTOR = YES;
				GCC_WARN_UNINITIALIZED_AUTOS = YES_AGGRESSIVE;
				GCC_WARN_UNUSED_FUNCTION = YES;
				GCC_WARN_UNUSED_VARIABLE = YES;
				IPHONEOS_DEPLOYMENT_TARGET = 15.0;
				MTL_ENABLE_DEBUG_INFO = INCLUDE_SOURCE;
				MTL_FAST_MATH = YES;
				ONLY_ACTIVE_ARCH = YES;
				SDKROOT = iphoneos;
				SWIFT_ACTIVE_COMPILATION_CONDITIONS = DEBUG;
				SWIFT_OPTIMIZATION_LEVEL = "-Onone";
			};
			name = Debug;
		};
		1E40C81E2795859B009CB80E /* Release */ = {
			isa = XCBuildConfiguration;
			buildSettings = {
				ALWAYS_SEARCH_USER_PATHS = NO;
				CLANG_ANALYZER_NONNULL = YES;
				CLANG_ANALYZER_NUMBER_OBJECT_CONVERSION = YES_AGGRESSIVE;
				CLANG_CXX_LANGUAGE_STANDARD = "gnu++17";
				CLANG_CXX_LIBRARY = "libc++";
				CLANG_ENABLE_MODULES = YES;
				CLANG_ENABLE_OBJC_ARC = YES;
				CLANG_ENABLE_OBJC_WEAK = YES;
				CLANG_WARN_BLOCK_CAPTURE_AUTORELEASING = YES;
				CLANG_WARN_BOOL_CONVERSION = YES;
				CLANG_WARN_COMMA = YES;
				CLANG_WARN_CONSTANT_CONVERSION = YES;
				CLANG_WARN_DEPRECATED_OBJC_IMPLEMENTATIONS = YES;
				CLANG_WARN_DIRECT_OBJC_ISA_USAGE = YES_ERROR;
				CLANG_WARN_DOCUMENTATION_COMMENTS = YES;
				CLANG_WARN_EMPTY_BODY = YES;
				CLANG_WARN_ENUM_CONVERSION = YES;
				CLANG_WARN_INFINITE_RECURSION = YES;
				CLANG_WARN_INT_CONVERSION = YES;
				CLANG_WARN_NON_LITERAL_NULL_CONVERSION = YES;
				CLANG_WARN_OBJC_IMPLICIT_RETAIN_SELF = YES;
				CLANG_WARN_OBJC_LITERAL_CONVERSION = YES;
				CLANG_WARN_OBJC_ROOT_CLASS = YES_ERROR;
				CLANG_WARN_QUOTED_INCLUDE_IN_FRAMEWORK_HEADER = YES;
				CLANG_WARN_RANGE_LOOP_ANALYSIS = YES;
				CLANG_WARN_STRICT_PROTOTYPES = YES;
				CLANG_WARN_SUSPICIOUS_MOVE = YES;
				CLANG_WARN_UNGUARDED_AVAILABILITY = YES_AGGRESSIVE;
				CLANG_WARN_UNREACHABLE_CODE = YES;
				CLANG_WARN__DUPLICATE_METHOD_MATCH = YES;
				COPY_PHASE_STRIP = NO;
				DEBUG_INFORMATION_FORMAT = "dwarf-with-dsym";
				ENABLE_NS_ASSERTIONS = NO;
				ENABLE_STRICT_OBJC_MSGSEND = YES;
				GCC_C_LANGUAGE_STANDARD = gnu11;
				GCC_NO_COMMON_BLOCKS = YES;
				GCC_WARN_64_TO_32_BIT_CONVERSION = YES;
				GCC_WARN_ABOUT_RETURN_TYPE = YES_ERROR;
				GCC_WARN_UNDECLARED_SELECTOR = YES;
				GCC_WARN_UNINITIALIZED_AUTOS = YES_AGGRESSIVE;
				GCC_WARN_UNUSED_FUNCTION = YES;
				GCC_WARN_UNUSED_VARIABLE = YES;
				IPHONEOS_DEPLOYMENT_TARGET = 15.0;
				MTL_ENABLE_DEBUG_INFO = NO;
				MTL_FAST_MATH = YES;
				SDKROOT = iphoneos;
				SWIFT_COMPILATION_MODE = wholemodule;
				SWIFT_OPTIMIZATION_LEVEL = "-O";
				VALIDATE_PRODUCT = YES;
			};
			name = Release;
		};
		1E40C8202795859B009CB80E /* Debug */ = {
			isa = XCBuildConfiguration;
			baseConfigurationReference = 74B873DD0B637366C85FC28A /* Pods-SeSac_Friends.debug.xcconfig */;
			buildSettings = {
				ASSETCATALOG_COMPILER_APPICON_NAME = AppIcon;
				ASSETCATALOG_COMPILER_GLOBAL_ACCENT_COLOR_NAME = AccentColor;
				CODE_SIGN_ENTITLEMENTS = SeSac_Friends/SeSac_Friends.entitlements;
				CODE_SIGN_IDENTITY = "Apple Development";
				CODE_SIGN_STYLE = Automatic;
				CURRENT_PROJECT_VERSION = 1;
				DEVELOPMENT_TEAM = 2EZ5QWFYX2;
				GENERATE_INFOPLIST_FILE = YES;
				INFOPLIST_FILE = SeSac_Friends/Info.plist;
				INFOPLIST_KEY_UIApplicationSupportsIndirectInputEvents = YES;
				INFOPLIST_KEY_UILaunchStoryboardName = LaunchScreen;
				INFOPLIST_KEY_UISupportedInterfaceOrientations_iPad = "UIInterfaceOrientationPortrait UIInterfaceOrientationPortraitUpsideDown UIInterfaceOrientationLandscapeLeft UIInterfaceOrientationLandscapeRight";
				INFOPLIST_KEY_UISupportedInterfaceOrientations_iPhone = "UIInterfaceOrientationPortrait UIInterfaceOrientationLandscapeLeft UIInterfaceOrientationLandscapeRight";
				LD_RUNPATH_SEARCH_PATHS = (
					"$(inherited)",
					"@executable_path/Frameworks",
				);
				MARKETING_VERSION = 1.0;
				PRODUCT_BUNDLE_IDENTIFIER = com.memolease.sesac1;
				PRODUCT_NAME = "$(TARGET_NAME)";
				PROVISIONING_PROFILE_SPECIFIER = "";
				SWIFT_EMIT_LOC_STRINGS = YES;
				SWIFT_VERSION = 5.0;
				TARGETED_DEVICE_FAMILY = 1;
			};
			name = Debug;
		};
		1E40C8212795859B009CB80E /* Release */ = {
			isa = XCBuildConfiguration;
			baseConfigurationReference = 0FAC08034A663BC453C8CA1F /* Pods-SeSac_Friends.release.xcconfig */;
			buildSettings = {
				ASSETCATALOG_COMPILER_APPICON_NAME = AppIcon;
				ASSETCATALOG_COMPILER_GLOBAL_ACCENT_COLOR_NAME = AccentColor;
				CODE_SIGN_ENTITLEMENTS = SeSac_Friends/SeSac_FriendsRelease.entitlements;
				CODE_SIGN_IDENTITY = "Apple Development";
				CODE_SIGN_STYLE = Automatic;
				CURRENT_PROJECT_VERSION = 1;
				DEVELOPMENT_TEAM = 2EZ5QWFYX2;
				GENERATE_INFOPLIST_FILE = YES;
				INFOPLIST_FILE = SeSac_Friends/Info.plist;
				INFOPLIST_KEY_UIApplicationSupportsIndirectInputEvents = YES;
				INFOPLIST_KEY_UILaunchStoryboardName = LaunchScreen;
				INFOPLIST_KEY_UISupportedInterfaceOrientations_iPad = "UIInterfaceOrientationPortrait UIInterfaceOrientationPortraitUpsideDown UIInterfaceOrientationLandscapeLeft UIInterfaceOrientationLandscapeRight";
				INFOPLIST_KEY_UISupportedInterfaceOrientations_iPhone = "UIInterfaceOrientationPortrait UIInterfaceOrientationLandscapeLeft UIInterfaceOrientationLandscapeRight";
				LD_RUNPATH_SEARCH_PATHS = (
					"$(inherited)",
					"@executable_path/Frameworks",
				);
				MARKETING_VERSION = 1.0;
				PRODUCT_BUNDLE_IDENTIFIER = com.memolease.sesac1;
				PRODUCT_NAME = "$(TARGET_NAME)";
				PROVISIONING_PROFILE_SPECIFIER = "";
				SWIFT_EMIT_LOC_STRINGS = YES;
				SWIFT_VERSION = 5.0;
				TARGETED_DEVICE_FAMILY = 1;
			};
			name = Release;
		};
/* End XCBuildConfiguration section */

/* Begin XCConfigurationList section */
		1E40C8062795859A009CB80E /* Build configuration list for PBXProject "SeSac_Friends" */ = {
			isa = XCConfigurationList;
			buildConfigurations = (
				1E40C81D2795859B009CB80E /* Debug */,
				1E40C81E2795859B009CB80E /* Release */,
			);
			defaultConfigurationIsVisible = 0;
			defaultConfigurationName = Release;
		};
		1E40C81F2795859B009CB80E /* Build configuration list for PBXNativeTarget "SeSac_Friends" */ = {
			isa = XCConfigurationList;
			buildConfigurations = (
				1E40C8202795859B009CB80E /* Debug */,
				1E40C8212795859B009CB80E /* Release */,
			);
			defaultConfigurationIsVisible = 0;
			defaultConfigurationName = Release;
		};
/* End XCConfigurationList section */
	};
	rootObject = 1E40C8032795859A009CB80E /* Project object */;
}
